{
  "name": "whatsapp-ai-supervisor",
  "version": "0.1.0",
  "lockfileVersion": 3,
  "requires": true,
  "packages": {
    "": {
      "name": "whatsapp-ai-supervisor",
      "version": "0.1.0",
      "bin": {
        "was": "src/cli.js",
        "whatsapp-ai-supervisor": "src/cli.js"
      },
      "engines": {
        "node": ">=22"
      }
    }
  }
}
